// !$*UTF8*$!
{
	archiveVersion = 1;
	classes = {
	};
	objectVersion = 56;
	objects = {

/* Begin PBXBuildFile section */
		9B6B2B5F28E791950073E6B1 /* FoodieApp.swift in Sources */ = {isa = PBXBuildFile; fileRef = 9B6B2B5E28E791950073E6B1 /* FoodieApp.swift */; };
		9B6B2B6128E791950073E6B1 /* ContentView.swift in Sources */ = {isa = PBXBuildFile; fileRef = 9B6B2B6028E791950073E6B1 /* ContentView.swift */; };
		9B6B2B6328E791970073E6B1 /* Assets.xcassets in Resources */ = {isa = PBXBuildFile; fileRef = 9B6B2B6228E791970073E6B1 /* Assets.xcassets */; };
		9B6B2B6628E791970073E6B1 /* Preview Assets.xcassets in Resources */ = {isa = PBXBuildFile; fileRef = 9B6B2B6528E791970073E6B1 /* Preview Assets.xcassets */; };
		9B6B2B6D28E791CA0073E6B1 /* Launch Screen.storyboard in Resources */ = {isa = PBXBuildFile; fileRef = 9B6B2B6C28E791CA0073E6B1 /* Launch Screen.storyboard */; };
		9B6B2B6F28E797B20073E6B1 /* OnBoardingView.swift in Sources */ = {isa = PBXBuildFile; fileRef = 9B6B2B6E28E797B20073E6B1 /* OnBoardingView.swift */; };
		9B6B2B7128E7982F0073E6B1 /* SignPage.swift in Sources */ = {isa = PBXBuildFile; fileRef = 9B6B2B7028E7982F0073E6B1 /* SignPage.swift */; };
		9B6B2B7328E79E580073E6B1 /* HomeView.swift in Sources */ = {isa = PBXBuildFile; fileRef = 9B6B2B7228E79E580073E6B1 /* HomeView.swift */; };
		9B6B2B7528E79E6A0073E6B1 /* MenuView.swift in Sources */ = {isa = PBXBuildFile; fileRef = 9B6B2B7428E79E6A0073E6B1 /* MenuView.swift */; };
		9B6B2B7728E7A6A50073E6B1 /* Searchbar.swift in Sources */ = {isa = PBXBuildFile; fileRef = 9B6B2B7628E7A6A50073E6B1 /* Searchbar.swift */; };
		9B6B2B7C28EAEBCF0073E6B1 /* Helper.swift in Sources */ = {isa = PBXBuildFile; fileRef = 9B6B2B7B28EAEBCF0073E6B1 /* Helper.swift */; };
		9B6B2B7E28EAEBFA0073E6B1 /* MotherView.swift in Sources */ = {isa = PBXBuildFile; fileRef = 9B6B2B7D28EAEBFA0073E6B1 /* MotherView.swift */; };
		9B6B2B8028EAEC260073E6B1 /* ViewRouter.swift in Sources */ = {isa = PBXBuildFile; fileRef = 9B6B2B7F28EAEC260073E6B1 /* ViewRouter.swift */; };
/* End PBXBuildFile section */

/* Begin PBXFileReference section */
		9B6B2B5B28E791950073E6B1 /* Foodie.app */ = {isa = PBXFileReference; explicitFileType = wrapper.application; includeInIndex = 0; path = Foodie.app; sourceTree = BUILT_PRODUCTS_DIR; };
		9B6B2B5E28E791950073E6B1 /* FoodieApp.swift */ = {isa = PBXFileReference; lastKnownFileType = sourcecode.swift; path = FoodieApp.swift; sourceTree = "<group>"; };
		9B6B2B6028E791950073E6B1 /* ContentView.swift */ = {isa = PBXFileReference; lastKnownFileType = sourcecode.swift; path = ContentView.swift; sourceTree = "<group>"; };
		9B6B2B6228E791970073E6B1 /* Assets.xcassets */ = {isa = PBXFileReference; lastKnownFileType = folder.assetcatalog; path = Assets.xcassets; sourceTree = "<group>"; };
		9B6B2B6528E791970073E6B1 /* Preview Assets.xcassets */ = {isa = PBXFileReference; lastKnownFileType = folder.assetcatalog; path = "Preview Assets.xcassets"; sourceTree = "<group>"; };
		9B6B2B6C28E791CA0073E6B1 /* Launch Screen.storyboard */ = {isa = PBXFileReference; lastKnownFileType = file.storyboard; path = "Launch Screen.storyboard"; sourceTree = "<group>"; };
		9B6B2B6E28E797B20073E6B1 /* OnBoardingView.swift */ = {isa = PBXFileReference; lastKnownFileType = sourcecode.swift; path = OnBoardingView.swift; sourceTree = "<group>"; };
		9B6B2B7028E7982F0073E6B1 /* SignPage.swift */ = {isa = PBXFileReference; lastKnownFileType = sourcecode.swift; path = SignPage.swift; sourceTree = "<group>"; };
		9B6B2B7228E79E580073E6B1 /* HomeView.swift */ = {isa = PBXFileReference; lastKnownFileType = sourcecode.swift; path = HomeView.swift; sourceTree = "<group>"; };
		9B6B2B7428E79E6A0073E6B1 /* MenuView.swift */ = {isa = PBXFileReference; lastKnownFileType = sourcecode.swift; path = MenuView.swift; sourceTree = "<group>"; };
		9B6B2B7628E7A6A50073E6B1 /* Searchbar.swift */ = {isa = PBXFileReference; lastKnownFileType = sourcecode.swift; path = Searchbar.swift; sourceTree = "<group>"; };
		9B6B2B7B28EAEBCF0073E6B1 /* Helper.swift */ = {isa = PBXFileReference; lastKnownFileType = sourcecode.swift; path = Helper.swift; sourceTree = "<group>"; };
		9B6B2B7D28EAEBFA0073E6B1 /* MotherView.swift */ = {isa = PBXFileReference; lastKnownFileType = sourcecode.swift; path = MotherView.swift; sourceTree = "<group>"; };
		9B6B2B7F28EAEC260073E6B1 /* ViewRouter.swift */ = {isa = PBXFileReference; lastKnownFileType = sourcecode.swift; path = ViewRouter.swift; sourceTree = "<group>"; };
/* End PBXFileReference section */

/* Begin PBXFrameworksBuildPhase section */
		9B6B2B5828E791950073E6B1 /* Frameworks */ = {
			isa = PBXFrameworksBuildPhase;
			buildActionMask = 2147483647;
			files = (
			);
			runOnlyForDeploymentPostprocessing = 0;
		};
/* End PBXFrameworksBuildPhase section */

/* Begin PBXGroup section */
		9B6B2B5228E791950073E6B1 = {
			isa = PBXGroup;
			children = (
				9B6B2B5D28E791950073E6B1 /* Foodie */,
				9B6B2B5C28E791950073E6B1 /* Products */,
			);
			sourceTree = "<group>";
		};
		9B6B2B5C28E791950073E6B1 /* Products */ = {
			isa = PBXGroup;
			children = (
				9B6B2B5B28E791950073E6B1 /* Foodie.app */,
			);
			name = Products;
			sourceTree = "<group>";
		};
		9B6B2B5D28E791950073E6B1 /* Foodie */ = {
			isa = PBXGroup;
			children = (
				9B6B2B6228E791970073E6B1 /* Assets.xcassets */,
				9B6B2B6C28E791CA0073E6B1 /* Launch Screen.storyboard */,
				9B6B2B8628EB0D370073E6B1 /* Resources */,
				9B6B2B7A28EAEBA00073E6B1 /* Navigating */,
				9B6B2B8528EB0C4C0073E6B1 /* View */,
				9B6B2B6428E791970073E6B1 /* Preview Content */,
			);
			path = Foodie;
			sourceTree = "<group>";
		};
		9B6B2B6428E791970073E6B1 /* Preview Content */ = {
			isa = PBXGroup;
			children = (
				9B6B2B6528E791970073E6B1 /* Preview Assets.xcassets */,
			);
			path = "Preview Content";
			sourceTree = "<group>";
		};
		9B6B2B7A28EAEBA00073E6B1 /* Navigating */ = {
			isa = PBXGroup;
			children = (
				9B6B2B7B28EAEBCF0073E6B1 /* Helper.swift */,
				9B6B2B7D28EAEBFA0073E6B1 /* MotherView.swift */,
				9B6B2B7F28EAEC260073E6B1 /* ViewRouter.swift */,
			);
			path = Navigating;
			sourceTree = "<group>";
		};
		9B6B2B8528EB0C4C0073E6B1 /* View */ = {
			isa = PBXGroup;
			children = (
				9B6B2B7628E7A6A50073E6B1 /* Searchbar.swift */,
				9B6B2B6E28E797B20073E6B1 /* OnBoardingView.swift */,
				9B6B2B7028E7982F0073E6B1 /* SignPage.swift */,
				9B6B2B7228E79E580073E6B1 /* HomeView.swift */,
				9B6B2B7428E79E6A0073E6B1 /* MenuView.swift */,
				9B6B2B6028E791950073E6B1 /* ContentView.swift */,
			);
			path = View;
			sourceTree = "<group>";
		};
		9B6B2B8628EB0D370073E6B1 /* Resources */ = {
			isa = PBXGroup;
			children = (
				9B6B2B5E28E791950073E6B1 /* FoodieApp.swift */,
			);
			path = Resources;
			sourceTree = "<group>";
		};
/* End PBXGroup section */

/* Begin PBXNativeTarget section */
		9B6B2B5A28E791950073E6B1 /* Foodie */ = {
			isa = PBXNativeTarget;
			buildConfigurationList = 9B6B2B6928E791970073E6B1 /* Build configuration list for PBXNativeTarget "Foodie" */;
			buildPhases = (
				9B6B2B5728E791950073E6B1 /* Sources */,
				9B6B2B5828E791950073E6B1 /* Frameworks */,
				9B6B2B5928E791950073E6B1 /* Resources */,
			);
			buildRules = (
			);
			dependencies = (
			);
			name = Foodie;
			productName = Foodie;
			productReference = 9B6B2B5B28E791950073E6B1 /* Foodie.app */;
			productType = "com.apple.product-type.application";
		};
/* End PBXNativeTarget section */

/* Begin PBXProject section */
		9B6B2B5328E791950073E6B1 /* Project object */ = {
			isa = PBXProject;
			attributes = {
				BuildIndependentTargetsInParallel = 1;
				LastSwiftUpdateCheck = 1400;
				LastUpgradeCheck = 1400;
				TargetAttributes = {
					9B6B2B5A28E791950073E6B1 = {
						CreatedOnToolsVersion = 14.0.1;
					};
				};
			};
			buildConfigurationList = 9B6B2B5628E791950073E6B1 /* Build configuration list for PBXProject "Foodie" */;
			compatibilityVersion = "Xcode 14.0";
			developmentRegion = en;
			hasScannedForEncodings = 0;
			knownRegions = (
				en,
				Base,
			);
			mainGroup = 9B6B2B5228E791950073E6B1;
			productRefGroup = 9B6B2B5C28E791950073E6B1 /* Products */;
			projectDirPath = "";
			projectRoot = "";
			targets = (
				9B6B2B5A28E791950073E6B1 /* Foodie */,
			);
		};
/* End PBXProject section */

/* Begin PBXResourcesBuildPhase section */
		9B6B2B5928E791950073E6B1 /* Resources */ = {
			isa = PBXResourcesBuildPhase;
			buildActionMask = 2147483647;
			files = (
				9B6B2B6D28E791CA0073E6B1 /* Launch Screen.storyboard in Resources */,
				9B6B2B6628E791970073E6B1 /* Preview Assets.xcassets in Resources */,
				9B6B2B6328E791970073E6B1 /* Assets.xcassets in Resources */,
			);
			runOnlyForDeploymentPostprocessing = 0;
		};
/* End PBXResourcesBuildPhase section */

/* Begin PBXSourcesBuildPhase section */
		9B6B2B5728E791950073E6B1 /* Sources */ = {
			isa = PBXSourcesBuildPhase;
			buildActionMask = 2147483647;
			files = (
				9B6B2B7728E7A6A50073E6B1 /* Searchbar.swift in Sources */,
				9B6B2B6F28E797B20073E6B1 /* OnBoardingView.swift in Sources */,
				9B6B2B7528E79E6A0073E6B1 /* MenuView.swift in Sources */,
				9B6B2B6128E791950073E6B1 /* ContentView.swift in Sources */,
				9B6B2B7E28EAEBFA0073E6B1 /* MotherView.swift in Sources */,
				9B6B2B8028EAEC260073E6B1 /* ViewRouter.swift in Sources */,
				9B6B2B5F28E791950073E6B1 /* FoodieApp.swift in Sources */,
				9B6B2B7328E79E580073E6B1 /* HomeView.swift in Sources */,
				9B6B2B7128E7982F0073E6B1 /* SignPage.swift in Sources */,
				9B6B2B7C28EAEBCF0073E6B1 /* Helper.swift in Sources */,
			);
			runOnlyForDeploymentPostprocessing = 0;
		};
/* End PBXSourcesBuildPhase section */

/* Begin XCBuildConfiguration section */
		9B6B2B6728E791970073E6B1 /* Debug */ = {
			isa = XCBuildConfiguration;
			buildSettings = {
				ALWAYS_SEARCH_USER_PATHS = NO;
				CLANG_ANALYZER_NONNULL = YES;
				CLANG_ANALYZER_NUMBER_OBJECT_CONVERSION = YES_AGGRESSIVE;
				CLANG_CXX_LANGUAGE_STANDARD = "gnu++20";
				CLANG_ENABLE_MODULES = YES;
				CLANG_ENABLE_OBJC_ARC = YES;
				CLANG_ENABLE_OBJC_WEAK = YES;
				CLANG_WARN_BLOCK_CAPTURE_AUTORELEASING = YES;
				CLANG_WARN_BOOL_CONVERSION = YES;
				CLANG_WARN_COMMA = YES;
				CLANG_WARN_CONSTANT_CONVERSION = YES;
				CLANG_WARN_DEPRECATED_OBJC_IMPLEMENTATIONS = YES;
				CLANG_WARN_DIRECT_OBJC_ISA_USAGE = YES_ERROR;
				CLANG_WARN_DOCUMENTATION_COMMENTS = YES;
				CLANG_WARN_EMPTY_BODY = YES;
				CLANG_WARN_ENUM_CONVERSION = YES;
				CLANG_WARN_INFINITE_RECURSION = YES;
				CLANG_WARN_INT_CONVERSION = YES;
				CLANG_WARN_NON_LITERAL_NULL_CONVERSION = YES;
				CLANG_WARN_OBJC_IMPLICIT_RETAIN_SELF = YES;
				CLANG_WARN_OBJC_LITERAL_CONVERSION = YES;
				CLANG_WARN_OBJC_ROOT_CLASS = YES_ERROR;
				CLANG_WARN_QUOTED_INCLUDE_IN_FRAMEWORK_HEADER = YES;
				CLANG_WARN_RANGE_LOOP_ANALYSIS = YES;
				CLANG_WARN_STRICT_PROTOTYPES = YES;
				CLANG_WARN_SUSPICIOUS_MOVE = YES;
				CLANG_WARN_UNGUARDED_AVAILABILITY = YES_AGGRESSIVE;
				CLANG_WARN_UNREACHABLE_CODE = YES;
				CLANG_WARN__DUPLICATE_METHOD_MATCH = YES;
				COPY_PHASE_STRIP = NO;
				DEBUG_INFORMATION_FORMAT = dwarf;
				ENABLE_STRICT_OBJC_MSGSEND = YES;
				ENABLE_TESTABILITY = YES;
				GCC_C_LANGUAGE_STANDARD = gnu11;
				GCC_DYNAMIC_NO_PIC = NO;
				GCC_NO_COMMON_BLOCKS = YES;
				GCC_OPTIMIZATION_LEVEL = 0;
				GCC_PREPROCESSOR_DEFINITIONS = (
					"DEBUG=1",
					"$(inherited)",
				);
				GCC_WARN_64_TO_32_BIT_CONVERSION = YES;
				GCC_WARN_ABOUT_RETURN_TYPE = YES_ERROR;
				GCC_WARN_UNDECLARED_SELECTOR = YES;
				GCC_WARN_UNINITIALIZED_AUTOS = YES_AGGRESSIVE;
				GCC_WARN_UNUSED_FUNCTION = YES;
				GCC_WARN_UNUSED_VARIABLE = YES;
				IPHONEOS_DEPLOYMENT_TARGET = 16.0;
				MTL_ENABLE_DEBUG_INFO = INCLUDE_SOURCE;
				MTL_FAST_MATH = YES;
				ONLY_ACTIVE_ARCH = YES;
				SDKROOT = iphoneos;
				SWIFT_ACTIVE_COMPILATION_CONDITIONS = DEBUG;
				SWIFT_OPTIMIZATION_LEVEL = "-Onone";
			};
			name = Debug;
		};
		9B6B2B6828E791970073E6B1 /* Release */ = {
			isa = XCBuildConfiguration;
			buildSettings = {
				ALWAYS_SEARCH_USER_PATHS = NO;
				CLANG_ANALYZER_NONNULL = YES;
				CLANG_ANALYZER_NUMBER_OBJECT_CONVERSION = YES_AGGRESSIVE;
				CLANG_CXX_LANGUAGE_STANDARD = "gnu++20";
				CLANG_ENABLE_MODULES = YES;
				CLANG_ENABLE_OBJC_ARC = YES;
				CLANG_ENABLE_OBJC_WEAK = YES;
				CLANG_WARN_BLOCK_CAPTURE_AUTORELEASING = YES;
				CLANG_WARN_BOOL_CONVERSION = YES;
				CLANG_WARN_COMMA = YES;
				CLANG_WARN_CONSTANT_CONVERSION = YES;
				CLANG_WARN_DEPRECATED_OBJC_IMPLEMENTATIONS = YES;
				CLANG_WARN_DIRECT_OBJC_ISA_USAGE = YES_ERROR;
				CLANG_WARN_DOCUMENTATION_COMMENTS = YES;
				CLANG_WARN_EMPTY_BODY = YES;
				CLANG_WARN_ENUM_CONVERSION = YES;
				CLANG_WARN_INFINITE_RECURSION = YES;
				CLANG_WARN_INT_CONVERSION = YES;
				CLANG_WARN_NON_LITERAL_NULL_CONVERSION = YES;
				CLANG_WARN_OBJC_IMPLICIT_RETAIN_SELF = YES;
				CLANG_WARN_OBJC_LITERAL_CONVERSION = YES;
				CLANG_WARN_OBJC_ROOT_CLASS = YES_ERROR;
				CLANG_WARN_QUOTED_INCLUDE_IN_FRAMEWORK_HEADER = YES;
				CLANG_WARN_RANGE_LOOP_ANALYSIS = YES;
				CLANG_WARN_STRICT_PROTOTYPES = YES;
				CLANG_WARN_SUSPICIOUS_MOVE = YES;
				CLANG_WARN_UNGUARDED_AVAILABILITY = YES_AGGRESSIVE;
				CLANG_WARN_UNREACHABLE_CODE = YES;
				CLANG_WARN__DUPLICATE_METHOD_MATCH = YES;
				COPY_PHASE_STRIP = NO;
				DEBUG_INFORMATION_FORMAT = "dwarf-with-dsym";
				ENABLE_NS_ASSERTIONS = NO;
				ENABLE_STRICT_OBJC_MSGSEND = YES;
				GCC_C_LANGUAGE_STANDARD = gnu11;
				GCC_NO_COMMON_BLOCKS = YES;
				GCC_WARN_64_TO_32_BIT_CONVERSION = YES;
				GCC_WARN_ABOUT_RETURN_TYPE = YES_ERROR;
				GCC_WARN_UNDECLARED_SELECTOR = YES;
				GCC_WARN_UNINITIALIZED_AUTOS = YES_AGGRESSIVE;
				GCC_WARN_UNUSED_FUNCTION = YES;
				GCC_WARN_UNUSED_VARIABLE = YES;
				IPHONEOS_DEPLOYMENT_TARGET = 16.0;
				MTL_ENABLE_DEBUG_INFO = NO;
				MTL_FAST_MATH = YES;
				SDKROOT = iphoneos;
				SWIFT_COMPILATION_MODE = wholemodule;
				SWIFT_OPTIMIZATION_LEVEL = "-O";
				VALIDATE_PRODUCT = YES;
			};
			name = Release;
		};
		9B6B2B6A28E791970073E6B1 /* Debug */ = {
			isa = XCBuildConfiguration;
			buildSettings = {
				ASSETCATALOG_COMPILER_APPICON_NAME = AppIcon;
				ASSETCATALOG_COMPILER_GLOBAL_ACCENT_COLOR_NAME = AccentColor;
				CODE_SIGN_STYLE = Automatic;
				CURRENT_PROJECT_VERSION = 1;
				DEVELOPMENT_ASSET_PATHS = "\"Foodie/Preview Content\"";
				DEVELOPMENT_TEAM = V5UBACRQ58;
				ENABLE_PREVIEWS = YES;
				GENERATE_INFOPLIST_FILE = YES;
				INFOPLIST_KEY_UIApplicationSceneManifest_Generation = YES;
				INFOPLIST_KEY_UIApplicationSupportsIndirectInputEvents = YES;
				INFOPLIST_KEY_UILaunchScreen_Generation = YES;
				INFOPLIST_KEY_UILaunchStoryboardName = "Launch Screen.storyboard";
				INFOPLIST_KEY_UISupportedInterfaceOrientations_iPad = "UIInterfaceOrientationPortrait UIInterfaceOrientationPortraitUpsideDown UIInterfaceOrientationLandscapeLeft UIInterfaceOrientationLandscapeRight";
				INFOPLIST_KEY_UISupportedInterfaceOrientations_iPhone = "UIInterfaceOrientationPortrait UIInterfaceOrientationLandscapeLeft UIInterfaceOrientationLandscapeRight";
				LD_RUNPATH_SEARCH_PATHS = (
					"$(inherited)",
					"@executable_path/Frameworks",
				);
				MARKETING_VERSION = 1.0;
				PRODUCT_BUNDLE_IDENTIFIER = chinatomuto.com.Foodie;
				PRODUCT_NAME = "$(TARGET_NAME)";
				SWIFT_EMIT_LOC_STRINGS = YES;
				SWIFT_VERSION = 5.0;
				TARGETED_DEVICE_FAMILY = "1,2";
			};
			name = Debug;
		};
		9B6B2B6B28E791970073E6B1 /* Release */ = {
			isa = XCBuildConfiguration;
			buildSettings = {
				ASSETCATALOG_COMPILER_APPICON_NAME = AppIcon;
				ASSETCATALOG_COMPILER_GLOBAL_ACCENT_COLOR_NAME = AccentColor;
				CODE_SIGN_STYLE = Automatic;
				CURRENT_PROJECT_VERSION = 1;
				DEVELOPMENT_ASSET_PATHS = "\"Foodie/Preview Content\"";
				DEVELOPMENT_TEAM = V5UBACRQ58;
				ENABLE_PREVIEWS = YES;
				GENERATE_INFOPLIST_FILE = YES;
				INFOPLIST_KEY_UIApplicationSceneManifest_Generation = YES;
				INFOPLIST_KEY_UIApplicationSupportsIndirectInputEvents = YES;
				INFOPLIST_KEY_UILaunchScreen_Generation = YES;
				INFOPLIST_KEY_UILaunchStoryboardName = "Launch Screen.storyboard";
				INFOPLIST_KEY_UISupportedInterfaceOrientations_iPad = "UIInterfaceOrientationPortrait UIInterfaceOrientationPortraitUpsideDown UIInterfaceOrientationLandscapeLeft UIInterfaceOrientationLandscapeRight";
				INFOPLIST_KEY_UISupportedInterfaceOrientations_iPhone = "UIInterfaceOrientationPortrait UIInterfaceOrientationLandscapeLeft UIInterfaceOrientationLandscapeRight";
				LD_RUNPATH_SEARCH_PATHS = (
					"$(inherited)",
					"@executable_path/Frameworks",
				);
				MARKETING_VERSION = 1.0;
				PRODUCT_BUNDLE_IDENTIFIER = chinatomuto.com.Foodie;
				PRODUCT_NAME = "$(TARGET_NAME)";
				SWIFT_EMIT_LOC_STRINGS = YES;
				SWIFT_VERSION = 5.0;
				TARGETED_DEVICE_FAMILY = "1,2";
			};
			name = Release;
		};
/* End XCBuildConfiguration section */

/* Begin XCConfigurationList section */
		9B6B2B5628E791950073E6B1 /* Build configuration list for PBXProject "Foodie" */ = {
			isa = XCConfigurationList;
			buildConfigurations = (
				9B6B2B6728E791970073E6B1 /* Debug */,
				9B6B2B6828E791970073E6B1 /* Release */,
			);
			defaultConfigurationIsVisible = 0;
			defaultConfigurationName = Release;
		};
		9B6B2B6928E791970073E6B1 /* Build configuration list for PBXNativeTarget "Foodie" */ = {
			isa = XCConfigurationList;
			buildConfigurations = (
				9B6B2B6A28E791970073E6B1 /* Debug */,
				9B6B2B6B28E791970073E6B1 /* Release */,
			);
			defaultConfigurationIsVisible = 0;
			defaultConfigurationName = Release;
		};
/* End XCConfigurationList section */
	};
	rootObject = 9B6B2B5328E791950073E6B1 /* Project object */;
}
